# This file is autogenerated, do not edit; changes may be undone by the next 'dep ensure'.


[[projects]]
  branch = "master"
  digest = "1:386de157f7d19259a7f9c81f26ce011223ce0f090353c1152ffdf730d7d10ac2"
  name = "github.com/btcsuite/btcutil"
  packages = ["bech32"]
  pruneopts = "UT"
  revision = "9e5f4b9a998d263e3ce9c56664a7816001ac8000"

[[projects]]
  digest = "1:4a7ce4fa02f596809b606e0f8c55b5a6d211a5cd6e9f4250f6aabe8d7792e2f1"
  name = "github.com/cosmos/amino-js"
  packages = [
    "go/lib",
    "go/lib/cosmos/cosmos-sdk/crypto",
    "go/lib/cosmos/cosmos-sdk/crypto/keys",
    "go/lib/cosmos/cosmos-sdk/crypto/keys/hd",
    "go/lib/cosmos/cosmos-sdk/store/rootmulti",
    "go/lib/cosmos/cosmos-sdk/store/types",
    "go/lib/cosmos/cosmos-sdk/types",
    "go/lib/cosmos/cosmos-sdk/x/auth",
    "go/lib/cosmos/cosmos-sdk/x/bank",
    "go/lib/cosmos/cosmos-sdk/x/crisis",
    "go/lib/cosmos/cosmos-sdk/x/distribution/types",
    "go/lib/cosmos/cosmos-sdk/x/gov/types",
    "go/lib/cosmos/cosmos-sdk/x/ibc",
    "go/lib/cosmos/cosmos-sdk/x/params/types",
    "go/lib/cosmos/cosmos-sdk/x/slashing",
    "go/lib/cosmos/cosmos-sdk/x/staking/types",
    "go/lib/tendermint/iavl",
    "go/lib/tendermint/tendermint/abci/types",
    "go/lib/tendermint/tendermint/blockchain",
    "go/lib/tendermint/tendermint/consensus",
    "go/lib/tendermint/tendermint/consensus/types",
    "go/lib/tendermint/tendermint/crypto",
    "go/lib/tendermint/tendermint/crypto/ed25519",
    "go/lib/tendermint/tendermint/crypto/encoding/amino",
    "go/lib/tendermint/tendermint/crypto/merkle",
    "go/lib/tendermint/tendermint/crypto/multisig",
    "go/lib/tendermint/tendermint/crypto/multisig/bitarray",
    "go/lib/tendermint/tendermint/crypto/secp256k1",
    "go/lib/tendermint/tendermint/evidence",
    "go/lib/tendermint/tendermint/libs/bech32",
    "go/lib/tendermint/tendermint/libs/common",
    "go/lib/tendermint/tendermint/mempool",
    "go/lib/tendermint/tendermint/p2p",
    "go/lib/tendermint/tendermint/p2p/conn",
    "go/lib/tendermint/tendermint/p2p/pex",
    "go/lib/tendermint/tendermint/privval",
    "go/lib/tendermint/tendermint/types",
    "go/lib/tendermint/tendermint/version",
  ]
  pruneopts = "UT"
  revision = "1c1c7812556b13286a80296ab2487686b3fd37ef"
  version = "v0.2.1"

[[projects]]
  digest = "1:ffe9824d294da03b391f44e1ae8281281b4afc1bdaa9588c9097785e3af10cec"
  name = "github.com/davecgh/go-spew"
  packages = ["spew"]
  pruneopts = "UT"
  revision = "8991bc29aa16c548c550c7ff78260e27b9ab7c73"
  version = "v1.1.1"

[[projects]]
  digest = "1:cf31692c14422fa27c83a05292eb5cbe0fb2775972e8f1f8446a71549bd8980b"
  name = "github.com/pkg/errors"
  packages = ["."]
  pruneopts = "UT"
  revision = "ba968bfe8b2f7e042a574c888954fccecfa385b4"
  version = "v0.8.1"

[[projects]]
  digest = "1:dc3b40a213c80dbe3ceb6f75fe0ba41ad0e0322d64e9266bc8ebdcea5a54b6ca"
  name = "github.com/tendermint/go-amino"
  packages = ["."]
  pruneopts = "UT"
  revision = "6423ac677daf641ec900ec831a5abe79d2e71194"
  version = "v0.15.0"

[solve-meta]
  analyzer-name = "dep"
  analyzer-version = 1
  input-imports = [
    "github.com/cosmos/amino-js/go/lib",
    "github.com/cosmos/amino-js/go/lib/cosmos/cosmos-sdk/crypto",
    "github.com/cosmos/amino-js/go/lib/cosmos/cosmos-sdk/crypto/keys",
    "github.com/cosmos/amino-js/go/lib/cosmos/cosmos-sdk/crypto/keys/hd",
    "github.com/cosmos/amino-js/go/lib/cosmos/cosmos-sdk/store/rootmulti",
    "github.com/cosmos/amino-js/go/lib/cosmos/cosmos-sdk/types",
    "github.com/cosmos/amino-js/go/lib/cosmos/cosmos-sdk/x/auth",
    "github.com/cosmos/amino-js/go/lib/cosmos/cosmos-sdk/x/bank",
    "github.com/cosmos/amino-js/go/lib/cosmos/cosmos-sdk/x/crisis",
    "github.com/cosmos/amino-js/go/lib/cosmos/cosmos-sdk/x/distribution/types",
    "github.com/cosmos/amino-js/go/lib/cosmos/cosmos-sdk/x/gov/types",
    "github.com/cosmos/amino-js/go/lib/cosmos/cosmos-sdk/x/ibc",
    "github.com/cosmos/amino-js/go/lib/cosmos/cosmos-sdk/x/params/types",
    "github.com/cosmos/amino-js/go/lib/cosmos/cosmos-sdk/x/slashing",
    "github.com/cosmos/amino-js/go/lib/cosmos/cosmos-sdk/x/staking/types",
    "github.com/cosmos/amino-js/go/lib/tendermint/iavl",
    "github.com/cosmos/amino-js/go/lib/tendermint/tendermint/blockchain",
    "github.com/cosmos/amino-js/go/lib/tendermint/tendermint/consensus",
    "github.com/cosmos/amino-js/go/lib/tendermint/tendermint/crypto",
    "github.com/cosmos/amino-js/go/lib/tendermint/tendermint/crypto/ed25519",
    "github.com/cosmos/amino-js/go/lib/tendermint/tendermint/crypto/multisig",
    "github.com/cosmos/amino-js/go/lib/tendermint/tendermint/crypto/secp256k1",
    "github.com/cosmos/amino-js/go/lib/tendermint/tendermint/evidence",
    "github.com/cosmos/amino-js/go/lib/tendermint/tendermint/libs/bech32",
    "github.com/cosmos/amino-js/go/lib/tendermint/tendermint/mempool",
    "github.com/cosmos/amino-js/go/lib/tendermint/tendermint/p2p/conn",
    "github.com/cosmos/amino-js/go/lib/tendermint/tendermint/p2p/pex",
    "github.com/cosmos/amino-js/go/lib/tendermint/tendermint/privval",
    "github.com/cosmos/amino-js/go/lib/tendermint/tendermint/types",
    "github.com/tendermint/go-amino",
  ]
  solver-name = "gps-cdcl"
  solver-version = 1
